{
  "name": "dashboard",
  "lockfileVersion": 2,
  "requires": true,
  "packages": {
    "": {
      "dependencies": {
        "picmo": "^5.8.4"
      }
    },
    "node_modules/emojibase": {
      "version": "6.1.0",
      "resolved": "https://registry.npmjs.org/emojibase/-/emojibase-6.1.0.tgz",
      "integrity": "sha512-1GkKJPXP6tVkYJHOBSJHoGOr/6uaDxZ9xJ6H7m6PfdGXTmQgbALHLWaVRY4Gi/qf5x/gT/NUXLPuSHYLqtLtrQ==",
      "funding": {
        "type": "ko-fi",
        "url": "https://ko-fi.com/milesjohnson"
      }
    },
    "node_modules/picmo": {
      "version": "5.8.4",
      "resolved": "https://registry.npmjs.org/picmo/-/picmo-5.8.4.tgz",
      "integrity": "sha512-QrHBRXkNMqNYAB533a6UKXwdj4UYFb78zq3CIIdyUMXj3k4wOt8ZUfoty9aj4C6rewwNdmuti6U5YyDjJ6tkmw==",
      "dependencies": {
        "emojibase": "^6.1.0"
      },
      "funding": {
        "url": "https://github.com/sponsors/joeattardi"
      }
    }
  },
  "dependencies": {
    "emojibase": {
      "version": "6.1.0",
      "resolved": "https://registry.npmjs.org/emojibase/-/emojibase-6.1.0.tgz",
      "integrity": "sha512-1GkKJPXP6tVkYJHOBSJHoGOr/6uaDxZ9xJ6H7m6PfdGXTmQgbALHLWaVRY4Gi/qf5x/gT/NUXLPuSHYLqtLtrQ=="
    },
    "picmo": {
      "version": "5.8.4",
      "resolved": "https://registry.npmjs.org/picmo/-/picmo-5.8.4.tgz",
      "integrity": "sha512-QrHBRXkNMqNYAB533a6UKXwdj4UYFb78zq3CIIdyUMXj3k4wOt8ZUfoty9aj4C6rewwNdmuti6U5YyDjJ6tkmw==",
      "requires": {
        "emojibase": "^6.1.0"
      }
    }
  }
}
